
Microsoft Visual Studio Solution File, Format Version 12.00
# Visual Studio Version 17
VisualStudioVersion = 17.5.33627.172
MinimumVisualStudioVersion = 10.0.40219.1
Project("{9A19103F-16F7-4668-BE54-9A1E7A4F7556}") = "Shaxsiy kabinet", "Shaxsiy kabinet\Shaxsiy kabinet.csproj", "{DE6A262A-DF6D-4EF3-A252-8B3CE92F8DBD}"
EndProject
Global
	GlobalSection(SolutionConfigurationPlatforms) = preSolution
		Debug|Any CPU = Debug|Any CPU
		Release|Any CPU = Release|Any CPU
	EndGlobalSection
	GlobalSection(ProjectConfigurationPlatforms) = postSolution
		{DE6A262A-DF6D-4EF3-A252-8B3CE92F8DBD}.Debug|Any CPU.ActiveCfg = Debug|Any CPU
		{DE6A262A-DF6D-4EF3-A252-8B3CE92F8DBD}.Debug|Any CPU.Build.0 = Debug|Any CPU
		{DE6A262A-DF6D-4EF3-A252-8B3CE92F8DBD}.Release|Any CPU.ActiveCfg = Release|Any CPU
		{DE6A262A-DF6D-4EF3-A252-8B3CE92F8DBD}.Release|Any CPU.Build.0 = Release|Any CPU
	EndGlobalSection
	GlobalSection(SolutionProperties) = preSolution
		HideSolutionNode = FALSE
	EndGlobalSection
	GlobalSection(ExtensibilityGlobals) = postSolution
		SolutionGuid = {DA421FF3-16FF-41BC-BA77-7EEF6BCEA128}
	EndGlobalSection
EndGlobal
